// !$*UTF8*$!
{
	archiveVersion = 1;
	classes = {
	};
	objectVersion = 50;
	objects = {

/* Begin PBXBuildFile section */
		8D5A8CBC22A46C6200981669 /* En2CzDetailViewController.swift in Sources */ = {isa = PBXBuildFile; fileRef = 8D5A8CBB22A46C6200981669 /* En2CzDetailViewController.swift */; };
		8D5A8CBE22A6FB4F00981669 /* BaseDictionaryViewController.swift in Sources */ = {isa = PBXBuildFile; fileRef = 8D5A8CBD22A6FB4F00981669 /* BaseDictionaryViewController.swift */; };
		8D5A8CC022A7050300981669 /* Cz2EnDictionaryViewController.swift in Sources */ = {isa = PBXBuildFile; fileRef = 8D5A8CBF22A7050300981669 /* Cz2EnDictionaryViewController.swift */; };
		8D5A8CC222A7071900981669 /* Cz2EnDetailViewController.swift in Sources */ = {isa = PBXBuildFile; fileRef = 8D5A8CC122A7071900981669 /* Cz2EnDetailViewController.swift */; };
		8D5A8CC522A70AFA00981669 /* SQLite.framework in Frameworks */ = {isa = PBXBuildFile; fileRef = 8D5A8CC422A70AFA00981669 /* SQLite.framework */; };
		8D5A8CC722A70B3E00981669 /* SQLite.framework in CopyFiles */ = {isa = PBXBuildFile; fileRef = 8D5A8CC422A70AFA00981669 /* SQLite.framework */; settings = {ATTRIBUTES = (CodeSignOnCopy, RemoveHeadersOnCopy, ); }; };
		8D5A8CCA22A70DD800981669 /* EnCz.db in Resources */ = {isa = PBXBuildFile; fileRef = 8D5A8CC922A70DD800981669 /* EnCz.db */; };
		8D5A8CCD22A70E9300981669 /* DictionaryRecord.swift in Sources */ = {isa = PBXBuildFile; fileRef = 8D5A8CCC22A70E9300981669 /* DictionaryRecord.swift */; };
		8D5A8CCF22A70EF700981669 /* DictionaryRecordLoader.swift in Sources */ = {isa = PBXBuildFile; fileRef = 8D5A8CCE22A70EF700981669 /* DictionaryRecordLoader.swift */; };
		8D5A8CD222A8541400981669 /* DictionaryRecordConsumer.swift in Sources */ = {isa = PBXBuildFile; fileRef = 8D5A8CD122A8541400981669 /* DictionaryRecordConsumer.swift */; };
		8D5A8CD422A9B95800981669 /* RuntimeSettings.swift in Sources */ = {isa = PBXBuildFile; fileRef = 8D5A8CD322A9B95800981669 /* RuntimeSettings.swift */; };
		8D9F635F22ABCDA200CE3C12 /* DictionaryRecordNotesParser.swift in Sources */ = {isa = PBXBuildFile; fileRef = 8D9F635E22ABCDA200CE3C12 /* DictionaryRecordNotesParser.swift */; };
		8D9F636222ABF19800CE3C12 /* ArrayResolver.swift in Sources */ = {isa = PBXBuildFile; fileRef = 8D9F636122ABF19800CE3C12 /* ArrayResolver.swift */; };
		8D9F636422AC360900CE3C12 /* AboutViewController.swift in Sources */ = {isa = PBXBuildFile; fileRef = 8D9F636322AC360900CE3C12 /* AboutViewController.swift */; };
		8DEA8FC022A43D5D007DBBF5 /* AppDelegate.swift in Sources */ = {isa = PBXBuildFile; fileRef = 8DEA8FBF22A43D5D007DBBF5 /* AppDelegate.swift */; };
		8DEA8FC222A43D5D007DBBF5 /* En2CzDictionaryViewController.swift in Sources */ = {isa = PBXBuildFile; fileRef = 8DEA8FC122A43D5D007DBBF5 /* En2CzDictionaryViewController.swift */; };
		8DEA8FC522A43D5D007DBBF5 /* Main.storyboard in Resources */ = {isa = PBXBuildFile; fileRef = 8DEA8FC322A43D5D007DBBF5 /* Main.storyboard */; };
		8DEA8FC722A43D5F007DBBF5 /* Assets.xcassets in Resources */ = {isa = PBXBuildFile; fileRef = 8DEA8FC622A43D5F007DBBF5 /* Assets.xcassets */; };
		8DEA8FCA22A43D5F007DBBF5 /* LaunchScreen.storyboard in Resources */ = {isa = PBXBuildFile; fileRef = 8DEA8FC822A43D5F007DBBF5 /* LaunchScreen.storyboard */; };
/* End PBXBuildFile section */

/* Begin PBXCopyFilesBuildPhase section */
		8D5A8CC622A70B2E00981669 /* CopyFiles */ = {
			isa = PBXCopyFilesBuildPhase;
			buildActionMask = 2147483647;
			dstPath = "";
			dstSubfolderSpec = 10;
			files = (
				8D5A8CC722A70B3E00981669 /* SQLite.framework in CopyFiles */,
			);
			runOnlyForDeploymentPostprocessing = 0;
		};
/* End PBXCopyFilesBuildPhase section */

/* Begin PBXFileReference section */
		8D5A8CBB22A46C6200981669 /* En2CzDetailViewController.swift */ = {isa = PBXFileReference; lastKnownFileType = sourcecode.swift; path = En2CzDetailViewController.swift; sourceTree = "<group>"; };
		8D5A8CBD22A6FB4F00981669 /* BaseDictionaryViewController.swift */ = {isa = PBXFileReference; lastKnownFileType = sourcecode.swift; path = BaseDictionaryViewController.swift; sourceTree = "<group>"; };
		8D5A8CBF22A7050300981669 /* Cz2EnDictionaryViewController.swift */ = {isa = PBXFileReference; lastKnownFileType = sourcecode.swift; path = Cz2EnDictionaryViewController.swift; sourceTree = "<group>"; };
		8D5A8CC122A7071900981669 /* Cz2EnDetailViewController.swift */ = {isa = PBXFileReference; lastKnownFileType = sourcecode.swift; path = Cz2EnDetailViewController.swift; sourceTree = "<group>"; };
		8D5A8CC422A70AFA00981669 /* SQLite.framework */ = {isa = PBXFileReference; lastKnownFileType = wrapper.framework; name = SQLite.framework; path = ../Carthage/Build/iOS/SQLite.framework; sourceTree = "<group>"; };
		8D5A8CC922A70DD800981669 /* EnCz.db */ = {isa = PBXFileReference; lastKnownFileType = file; name = EnCz.db; path = ../db/EnCz.db; sourceTree = "<group>"; };
		8D5A8CCC22A70E9300981669 /* DictionaryRecord.swift */ = {isa = PBXFileReference; lastKnownFileType = sourcecode.swift; path = DictionaryRecord.swift; sourceTree = "<group>"; };
		8D5A8CCE22A70EF700981669 /* DictionaryRecordLoader.swift */ = {isa = PBXFileReference; lastKnownFileType = sourcecode.swift; path = DictionaryRecordLoader.swift; sourceTree = "<group>"; };
		8D5A8CD122A8541400981669 /* DictionaryRecordConsumer.swift */ = {isa = PBXFileReference; lastKnownFileType = sourcecode.swift; path = DictionaryRecordConsumer.swift; sourceTree = "<group>"; };
		8D5A8CD322A9B95800981669 /* RuntimeSettings.swift */ = {isa = PBXFileReference; lastKnownFileType = sourcecode.swift; path = RuntimeSettings.swift; sourceTree = "<group>"; };
		8D9F635E22ABCDA200CE3C12 /* DictionaryRecordNotesParser.swift */ = {isa = PBXFileReference; lastKnownFileType = sourcecode.swift; path = DictionaryRecordNotesParser.swift; sourceTree = "<group>"; };
		8D9F636122ABF19800CE3C12 /* ArrayResolver.swift */ = {isa = PBXFileReference; lastKnownFileType = sourcecode.swift; path = ArrayResolver.swift; sourceTree = "<group>"; };
		8D9F636322AC360900CE3C12 /* AboutViewController.swift */ = {isa = PBXFileReference; lastKnownFileType = sourcecode.swift; path = AboutViewController.swift; sourceTree = "<group>"; };
		8DEA8FBC22A43D5D007DBBF5 /* dictionary.app */ = {isa = PBXFileReference; explicitFileType = wrapper.application; includeInIndex = 0; path = dictionary.app; sourceTree = BUILT_PRODUCTS_DIR; };
		8DEA8FBF22A43D5D007DBBF5 /* AppDelegate.swift */ = {isa = PBXFileReference; lastKnownFileType = sourcecode.swift; path = AppDelegate.swift; sourceTree = "<group>"; };
		8DEA8FC122A43D5D007DBBF5 /* En2CzDictionaryViewController.swift */ = {isa = PBXFileReference; lastKnownFileType = sourcecode.swift; path = En2CzDictionaryViewController.swift; sourceTree = "<group>"; };
		8DEA8FC422A43D5D007DBBF5 /* Base */ = {isa = PBXFileReference; lastKnownFileType = file.storyboard; name = Base; path = Base.lproj/Main.storyboard; sourceTree = "<group>"; };
		8DEA8FC622A43D5F007DBBF5 /* Assets.xcassets */ = {isa = PBXFileReference; lastKnownFileType = folder.assetcatalog; path = Assets.xcassets; sourceTree = "<group>"; };
		8DEA8FC922A43D5F007DBBF5 /* Base */ = {isa = PBXFileReference; lastKnownFileType = file.storyboard; name = Base; path = Base.lproj/LaunchScreen.storyboard; sourceTree = "<group>"; };
		8DEA8FCB22A43D5F007DBBF5 /* Info.plist */ = {isa = PBXFileReference; lastKnownFileType = text.plist.xml; path = Info.plist; sourceTree = "<group>"; };
/* End PBXFileReference section */

/* Begin PBXFrameworksBuildPhase section */
		8DEA8FB922A43D5D007DBBF5 /* Frameworks */ = {
			isa = PBXFrameworksBuildPhase;
			buildActionMask = 2147483647;
			files = (
				8D5A8CC522A70AFA00981669 /* SQLite.framework in Frameworks */,
			);
			runOnlyForDeploymentPostprocessing = 0;
		};
/* End PBXFrameworksBuildPhase section */

/* Begin PBXGroup section */
		8D5A8CC322A70AFA00981669 /* Frameworks */ = {
			isa = PBXGroup;
			children = (
				8D5A8CC422A70AFA00981669 /* SQLite.framework */,
			);
			name = Frameworks;
			sourceTree = "<group>";
		};
		8D5A8CC822A70DA300981669 /* Databases */ = {
			isa = PBXGroup;
			children = (
				8D5A8CC922A70DD800981669 /* EnCz.db */,
			);
			name = Databases;
			sourceTree = "<group>";
		};
		8D5A8CCB22A70E6B00981669 /* Model */ = {
			isa = PBXGroup;
			children = (
				8D9F635C22ABCD3D00CE3C12 /* Loaders */,
				8D9F635D22ABCD4F00CE3C12 /* Parsers */,
				8D5A8CCC22A70E9300981669 /* DictionaryRecord.swift */,
				8D5A8CD322A9B95800981669 /* RuntimeSettings.swift */,
			);
			name = Model;
			sourceTree = "<group>";
		};
		8D5A8CD022A852FC00981669 /* Protocols */ = {
			isa = PBXGroup;
			children = (
				8D5A8CD122A8541400981669 /* DictionaryRecordConsumer.swift */,
			);
			name = Protocols;
			sourceTree = "<group>";
		};
		8D9F635C22ABCD3D00CE3C12 /* Loaders */ = {
			isa = PBXGroup;
			children = (
				8D5A8CCE22A70EF700981669 /* DictionaryRecordLoader.swift */,
			);
			name = Loaders;
			sourceTree = "<group>";
		};
		8D9F635D22ABCD4F00CE3C12 /* Parsers */ = {
			isa = PBXGroup;
			children = (
				8D9F635E22ABCDA200CE3C12 /* DictionaryRecordNotesParser.swift */,
			);
			name = Parsers;
			sourceTree = "<group>";
		};
		8D9F636022ABF15D00CE3C12 /* Utils */ = {
			isa = PBXGroup;
			children = (
				8D9F636122ABF19800CE3C12 /* ArrayResolver.swift */,
			);
			name = Utils;
			sourceTree = "<group>";
		};
		8DEA8FB322A43D5D007DBBF5 = {
			isa = PBXGroup;
			children = (
				8DEA8FD122A43DB5007DBBF5 /* Controllers */,
				8D5A8CC822A70DA300981669 /* Databases */,
				8DEA8FD222A43DCC007DBBF5 /* Delegates */,
				8D5A8CCB22A70E6B00981669 /* Model */,
				8D5A8CD022A852FC00981669 /* Protocols */,
				8DEA8FD322A43DDC007DBBF5 /* Storyboards */,
				8D9F636022ABF15D00CE3C12 /* Utils */,
				8DEA8FBD22A43D5D007DBBF5 /* Products */,
				8D5A8CC322A70AFA00981669 /* Frameworks */,
				8DEA8FC622A43D5F007DBBF5 /* Assets.xcassets */,
				8DEA8FCB22A43D5F007DBBF5 /* Info.plist */,
			);
			sourceTree = "<group>";
		};
		8DEA8FBD22A43D5D007DBBF5 /* Products */ = {
			isa = PBXGroup;
			children = (
				8DEA8FBC22A43D5D007DBBF5 /* dictionary.app */,
			);
			name = Products;
			sourceTree = "<group>";
		};
		8DEA8FD122A43DB5007DBBF5 /* Controllers */ = {
			isa = PBXGroup;
			children = (
				8D9F636322AC360900CE3C12 /* AboutViewController.swift */,
				8D5A8CBD22A6FB4F00981669 /* BaseDictionaryViewController.swift */,
				8D5A8CC122A7071900981669 /* Cz2EnDetailViewController.swift */,
				8D5A8CBF22A7050300981669 /* Cz2EnDictionaryViewController.swift */,
				8D5A8CBB22A46C6200981669 /* En2CzDetailViewController.swift */,
				8DEA8FC122A43D5D007DBBF5 /* En2CzDictionaryViewController.swift */,
			);
			name = Controllers;
			sourceTree = "<group>";
		};
		8DEA8FD222A43DCC007DBBF5 /* Delegates */ = {
			isa = PBXGroup;
			children = (
				8DEA8FBF22A43D5D007DBBF5 /* AppDelegate.swift */,
			);
			name = Delegates;
			sourceTree = "<group>";
		};
		8DEA8FD322A43DDC007DBBF5 /* Storyboards */ = {
			isa = PBXGroup;
			children = (
				8DEA8FC322A43D5D007DBBF5 /* Main.storyboard */,
				8DEA8FC822A43D5F007DBBF5 /* LaunchScreen.storyboard */,
			);
			name = Storyboards;
			sourceTree = "<group>";
		};
/* End PBXGroup section */

/* Begin PBXNativeTarget section */
		8DEA8FBB22A43D5D007DBBF5 /* dictionary */ = {
			isa = PBXNativeTarget;
			buildConfigurationList = 8DEA8FCE22A43D5F007DBBF5 /* Build configuration list for PBXNativeTarget "dictionary" */;
			buildPhases = (
				8DEA8FB822A43D5D007DBBF5 /* Sources */,
				8DEA8FB922A43D5D007DBBF5 /* Frameworks */,
				8DEA8FBA22A43D5D007DBBF5 /* Resources */,
				8D5A8CC622A70B2E00981669 /* CopyFiles */,
			);
			buildRules = (
			);
			dependencies = (
			);
			name = dictionary;
			productName = dictionary;
			productReference = 8DEA8FBC22A43D5D007DBBF5 /* dictionary.app */;
			productType = "com.apple.product-type.application";
		};
/* End PBXNativeTarget section */

/* Begin PBXProject section */
		8DEA8FB422A43D5D007DBBF5 /* Project object */ = {
			isa = PBXProject;
			attributes = {
				LastSwiftUpdateCheck = 1020;
				LastUpgradeCheck = 1020;
				ORGANIZATIONNAME = "Michal Duda";
				TargetAttributes = {
					8DEA8FBB22A43D5D007DBBF5 = {
						CreatedOnToolsVersion = 10.2.1;
					};
				};
			};
			buildConfigurationList = 8DEA8FB722A43D5D007DBBF5 /* Build configuration list for PBXProject "dictionary" */;
			compatibilityVersion = "Xcode 9.3";
			developmentRegion = en;
			hasScannedForEncodings = 0;
			knownRegions = (
				en,
				Base,
			);
			mainGroup = 8DEA8FB322A43D5D007DBBF5;
			productRefGroup = 8DEA8FBD22A43D5D007DBBF5 /* Products */;
			projectDirPath = "";
			projectRoot = "";
			targets = (
				8DEA8FBB22A43D5D007DBBF5 /* dictionary */,
			);
		};
/* End PBXProject section */

/* Begin PBXResourcesBuildPhase section */
		8DEA8FBA22A43D5D007DBBF5 /* Resources */ = {
			isa = PBXResourcesBuildPhase;
			buildActionMask = 2147483647;
			files = (
				8DEA8FCA22A43D5F007DBBF5 /* LaunchScreen.storyboard in Resources */,
				8DEA8FC722A43D5F007DBBF5 /* Assets.xcassets in Resources */,
				8DEA8FC522A43D5D007DBBF5 /* Main.storyboard in Resources */,
				8D5A8CCA22A70DD800981669 /* EnCz.db in Resources */,
			);
			runOnlyForDeploymentPostprocessing = 0;
		};
/* End PBXResourcesBuildPhase section */

/* Begin PBXSourcesBuildPhase section */
		8DEA8FB822A43D5D007DBBF5 /* Sources */ = {
			isa = PBXSourcesBuildPhase;
			buildActionMask = 2147483647;
			files = (
				8D5A8CCF22A70EF700981669 /* DictionaryRecordLoader.swift in Sources */,
				8D5A8CCD22A70E9300981669 /* DictionaryRecord.swift in Sources */,
				8D5A8CC222A7071900981669 /* Cz2EnDetailViewController.swift in Sources */,
				8DEA8FC222A43D5D007DBBF5 /* En2CzDictionaryViewController.swift in Sources */,
				8D9F635F22ABCDA200CE3C12 /* DictionaryRecordNotesParser.swift in Sources */,
				8D5A8CBC22A46C6200981669 /* En2CzDetailViewController.swift in Sources */,
				8D5A8CD422A9B95800981669 /* RuntimeSettings.swift in Sources */,
				8D5A8CBE22A6FB4F00981669 /* BaseDictionaryViewController.swift in Sources */,
				8D5A8CD222A8541400981669 /* DictionaryRecordConsumer.swift in Sources */,
				8DEA8FC022A43D5D007DBBF5 /* AppDelegate.swift in Sources */,
				8D5A8CC022A7050300981669 /* Cz2EnDictionaryViewController.swift in Sources */,
				8D9F636422AC360900CE3C12 /* AboutViewController.swift in Sources */,
				8D9F636222ABF19800CE3C12 /* ArrayResolver.swift in Sources */,
			);
			runOnlyForDeploymentPostprocessing = 0;
		};
/* End PBXSourcesBuildPhase section */

/* Begin PBXVariantGroup section */
		8DEA8FC322A43D5D007DBBF5 /* Main.storyboard */ = {
			isa = PBXVariantGroup;
			children = (
				8DEA8FC422A43D5D007DBBF5 /* Base */,
			);
			name = Main.storyboard;
			sourceTree = "<group>";
		};
		8DEA8FC822A43D5F007DBBF5 /* LaunchScreen.storyboard */ = {
			isa = PBXVariantGroup;
			children = (
				8DEA8FC922A43D5F007DBBF5 /* Base */,
			);
			name = LaunchScreen.storyboard;
			sourceTree = "<group>";
		};
/* End PBXVariantGroup section */

/* Begin XCBuildConfiguration section */
		8DEA8FCC22A43D5F007DBBF5 /* Debug */ = {
			isa = XCBuildConfiguration;
			buildSettings = {
				ALWAYS_SEARCH_USER_PATHS = NO;
				CLANG_ANALYZER_NONNULL = YES;
				CLANG_ANALYZER_NUMBER_OBJECT_CONVERSION = YES_AGGRESSIVE;
				CLANG_CXX_LANGUAGE_STANDARD = "gnu++14";
				CLANG_CXX_LIBRARY = "libc++";
				CLANG_ENABLE_MODULES = YES;
				CLANG_ENABLE_OBJC_ARC = YES;
				CLANG_ENABLE_OBJC_WEAK = YES;
				CLANG_WARN_BLOCK_CAPTURE_AUTORELEASING = YES;
				CLANG_WARN_BOOL_CONVERSION = YES;
				CLANG_WARN_COMMA = YES;
				CLANG_WARN_CONSTANT_CONVERSION = YES;
				CLANG_WARN_DEPRECATED_OBJC_IMPLEMENTATIONS = YES;
				CLANG_WARN_DIRECT_OBJC_ISA_USAGE = YES_ERROR;
				CLANG_WARN_DOCUMENTATION_COMMENTS = YES;
				CLANG_WARN_EMPTY_BODY = YES;
				CLANG_WARN_ENUM_CONVERSION = YES;
				CLANG_WARN_INFINITE_RECURSION = YES;
				CLANG_WARN_INT_CONVERSION = YES;
				CLANG_WARN_NON_LITERAL_NULL_CONVERSION = YES;
				CLANG_WARN_OBJC_IMPLICIT_RETAIN_SELF = YES;
				CLANG_WARN_OBJC_LITERAL_CONVERSION = YES;
				CLANG_WARN_OBJC_ROOT_CLASS = YES_ERROR;
				CLANG_WARN_RANGE_LOOP_ANALYSIS = YES;
				CLANG_WARN_STRICT_PROTOTYPES = YES;
				CLANG_WARN_SUSPICIOUS_MOVE = YES;
				CLANG_WARN_UNGUARDED_AVAILABILITY = YES_AGGRESSIVE;
				CLANG_WARN_UNREACHABLE_CODE = YES;
				CLANG_WARN__DUPLICATE_METHOD_MATCH = YES;
				CODE_SIGN_IDENTITY = "iPhone Developer";
				COPY_PHASE_STRIP = NO;
				DEBUG_INFORMATION_FORMAT = dwarf;
				ENABLE_STRICT_OBJC_MSGSEND = YES;
				ENABLE_TESTABILITY = YES;
				GCC_C_LANGUAGE_STANDARD = gnu11;
				GCC_DYNAMIC_NO_PIC = NO;
				GCC_NO_COMMON_BLOCKS = YES;
				GCC_OPTIMIZATION_LEVEL = 0;
				GCC_PREPROCESSOR_DEFINITIONS = (
					"DEBUG=1",
					"$(inherited)",
				);
				GCC_WARN_64_TO_32_BIT_CONVERSION = YES;
				GCC_WARN_ABOUT_RETURN_TYPE = YES_ERROR;
				GCC_WARN_UNDECLARED_SELECTOR = YES;
				GCC_WARN_UNINITIALIZED_AUTOS = YES_AGGRESSIVE;
				GCC_WARN_UNUSED_FUNCTION = YES;
				GCC_WARN_UNUSED_VARIABLE = YES;
				IPHONEOS_DEPLOYMENT_TARGET = 12.2;
				MTL_ENABLE_DEBUG_INFO = INCLUDE_SOURCE;
				MTL_FAST_MATH = YES;
				ONLY_ACTIVE_ARCH = YES;
				SDKROOT = iphoneos;
				SWIFT_ACTIVE_COMPILATION_CONDITIONS = DEBUG;
				SWIFT_OPTIMIZATION_LEVEL = "-Onone";
			};
			name = Debug;
		};
		8DEA8FCD22A43D5F007DBBF5 /* Release */ = {
			isa = XCBuildConfiguration;
			buildSettings = {
				ALWAYS_SEARCH_USER_PATHS = NO;
				CLANG_ANALYZER_NONNULL = YES;
				CLANG_ANALYZER_NUMBER_OBJECT_CONVERSION = YES_AGGRESSIVE;
				CLANG_CXX_LANGUAGE_STANDARD = "gnu++14";
				CLANG_CXX_LIBRARY = "libc++";
				CLANG_ENABLE_MODULES = YES;
				CLANG_ENABLE_OBJC_ARC = YES;
				CLANG_ENABLE_OBJC_WEAK = YES;
				CLANG_WARN_BLOCK_CAPTURE_AUTORELEASING = YES;
				CLANG_WARN_BOOL_CONVERSION = YES;
				CLANG_WARN_COMMA = YES;
				CLANG_WARN_CONSTANT_CONVERSION = YES;
				CLANG_WARN_DEPRECATED_OBJC_IMPLEMENTATIONS = YES;
				CLANG_WARN_DIRECT_OBJC_ISA_USAGE = YES_ERROR;
				CLANG_WARN_DOCUMENTATION_COMMENTS = YES;
				CLANG_WARN_EMPTY_BODY = YES;
				CLANG_WARN_ENUM_CONVERSION = YES;
				CLANG_WARN_INFINITE_RECURSION = YES;
				CLANG_WARN_INT_CONVERSION = YES;
				CLANG_WARN_NON_LITERAL_NULL_CONVERSION = YES;
				CLANG_WARN_OBJC_IMPLICIT_RETAIN_SELF = YES;
				CLANG_WARN_OBJC_LITERAL_CONVERSION = YES;
				CLANG_WARN_OBJC_ROOT_CLASS = YES_ERROR;
				CLANG_WARN_RANGE_LOOP_ANALYSIS = YES;
				CLANG_WARN_STRICT_PROTOTYPES = YES;
				CLANG_WARN_SUSPICIOUS_MOVE = YES;
				CLANG_WARN_UNGUARDED_AVAILABILITY = YES_AGGRESSIVE;
				CLANG_WARN_UNREACHABLE_CODE = YES;
				CLANG_WARN__DUPLICATE_METHOD_MATCH = YES;
				CODE_SIGN_IDENTITY = "iPhone Developer";
				COPY_PHASE_STRIP = NO;
				DEBUG_INFORMATION_FORMAT = "dwarf-with-dsym";
				ENABLE_NS_ASSERTIONS = NO;
				ENABLE_STRICT_OBJC_MSGSEND = YES;
				GCC_C_LANGUAGE_STANDARD = gnu11;
				GCC_NO_COMMON_BLOCKS = YES;
				GCC_WARN_64_TO_32_BIT_CONVERSION = YES;
				GCC_WARN_ABOUT_RETURN_TYPE = YES_ERROR;
				GCC_WARN_UNDECLARED_SELECTOR = YES;
				GCC_WARN_UNINITIALIZED_AUTOS = YES_AGGRESSIVE;
				GCC_WARN_UNUSED_FUNCTION = YES;
				GCC_WARN_UNUSED_VARIABLE = YES;
				IPHONEOS_DEPLOYMENT_TARGET = 12.2;
				MTL_ENABLE_DEBUG_INFO = NO;
				MTL_FAST_MATH = YES;
				SDKROOT = iphoneos;
				SWIFT_COMPILATION_MODE = wholemodule;
				SWIFT_OPTIMIZATION_LEVEL = "-O";
				VALIDATE_PRODUCT = YES;
			};
			name = Release;
		};
		8DEA8FCF22A43D5F007DBBF5 /* Debug */ = {
			isa = XCBuildConfiguration;
			buildSettings = {
				ASSETCATALOG_COMPILER_APPICON_NAME = AppIcon;
				CODE_SIGN_STYLE = Automatic;
				DEVELOPMENT_TEAM = 3HRQ8E2SZ4;
				FRAMEWORK_SEARCH_PATHS = "$(SRCROOT)/../Carthage/Build/iOS/";
				INFOPLIST_FILE = Info.plist;
				LD_RUNPATH_SEARCH_PATHS = (
					"$(inherited)",
					"@executable_path/Frameworks",
					"@executable_path/../Frameworks",
				);
				PRODUCT_BUNDLE_IDENTIFIER = cz.vookimedlo.ios.dictionary;
				PRODUCT_NAME = "$(TARGET_NAME)";
				SWIFT_VERSION = 5.0;
				TARGETED_DEVICE_FAMILY = "1,2";
			};
			name = Debug;
		};
		8DEA8FD022A43D5F007DBBF5 /* Release */ = {
			isa = XCBuildConfiguration;
			buildSettings = {
				ASSETCATALOG_COMPILER_APPICON_NAME = AppIcon;
				CODE_SIGN_STYLE = Automatic;
				DEVELOPMENT_TEAM = 3HRQ8E2SZ4;
				FRAMEWORK_SEARCH_PATHS = "$(SRCROOT)/../Carthage/Build/iOS/";
				INFOPLIST_FILE = Info.plist;
				LD_RUNPATH_SEARCH_PATHS = (
					"$(inherited)",
					"@executable_path/Frameworks",
					"@executable_path/../Frameworks",
				);
				PRODUCT_BUNDLE_IDENTIFIER = cz.vookimedlo.ios.dictionary;
				PRODUCT_NAME = "$(TARGET_NAME)";
				SWIFT_VERSION = 5.0;
				TARGETED_DEVICE_FAMILY = "1,2";
			};
			name = Release;
		};
/* End XCBuildConfiguration section */

/* Begin XCConfigurationList section */
		8DEA8FB722A43D5D007DBBF5 /* Build configuration list for PBXProject "dictionary" */ = {
			isa = XCConfigurationList;
			buildConfigurations = (
				8DEA8FCC22A43D5F007DBBF5 /* Debug */,
				8DEA8FCD22A43D5F007DBBF5 /* Release */,
			);
			defaultConfigurationIsVisible = 0;
			defaultConfigurationName = Release;
		};
		8DEA8FCE22A43D5F007DBBF5 /* Build configuration list for PBXNativeTarget "dictionary" */ = {
			isa = XCConfigurationList;
			buildConfigurations = (
				8DEA8FCF22A43D5F007DBBF5 /* Debug */,
				8DEA8FD022A43D5F007DBBF5 /* Release */,
			);
			defaultConfigurationIsVisible = 0;
			defaultConfigurationName = Release;
		};
/* End XCConfigurationList section */
	};
	rootObject = 8DEA8FB422A43D5D007DBBF5 /* Project object */;
}
